
Microsoft Visual Studio Solution File, Format Version 12.00
# Visual Studio 14
VisualStudioVersion = 14.0.25123.0
MinimumVisualStudioVersion = 10.0.40219.1
Project("{FAE04EC0-301F-11D3-BF4B-00C04F79EFBC}") = "log4net.SignalR", "log4net.Signalr\log4net.SignalR.csproj", "{39DCA33A-BD4B-4A41-8256-4C3864E62926}"
EndProject
Project("{FAE04EC0-301F-11D3-BF4B-00C04F79EFBC}") = "MvcExample", "MvcExample\MvcExample.csproj", "{12BF77EE-BF89-433D-A5FB-332D425F4C14}"
EndProject
Project("{FAE04EC0-301F-11D3-BF4B-00C04F79EFBC}") = "NuGet.Packager", "NuGet.Packager\NuGet.Packager.csproj", "{0451BAEF-DF2E-4B98-8644-94EE9415E389}"
EndProject
Project("{2150E333-8FDC-42A3-9474-1A3956D46DE8}") = "Solution Items", "Solution Items", "{84CF930A-AEFB-4DF4-BF72-7E5BADA1C8EB}"
	ProjectSection(SolutionItems) = preProject
		README.md = README.md
	EndProjectSection
EndProject
Global
	GlobalSection(SolutionConfigurationPlatforms) = preSolution
		Debug|Any CPU = Debug|Any CPU
		Release|Any CPU = Release|Any CPU
	EndGlobalSection
	GlobalSection(ProjectConfigurationPlatforms) = postSolution
		{39DCA33A-BD4B-4A41-8256-4C3864E62926}.Debug|Any CPU.ActiveCfg = Debug|Any CPU
		{39DCA33A-BD4B-4A41-8256-4C3864E62926}.Debug|Any CPU.Build.0 = Debug|Any CPU
		{39DCA33A-BD4B-4A41-8256-4C3864E62926}.Release|Any CPU.ActiveCfg = Release|Any CPU
		{39DCA33A-BD4B-4A41-8256-4C3864E62926}.Release|Any CPU.Build.0 = Release|Any CPU
		{12BF77EE-BF89-433D-A5FB-332D425F4C14}.Debug|Any CPU.ActiveCfg = Debug|Any CPU
		{12BF77EE-BF89-433D-A5FB-332D425F4C14}.Debug|Any CPU.Build.0 = Debug|Any CPU
		{12BF77EE-BF89-433D-A5FB-332D425F4C14}.Release|Any CPU.ActiveCfg = Release|Any CPU
		{12BF77EE-BF89-433D-A5FB-332D425F4C14}.Release|Any CPU.Build.0 = Release|Any CPU
		{0451BAEF-DF2E-4B98-8644-94EE9415E389}.Debug|Any CPU.ActiveCfg = Debug|Any CPU
		{0451BAEF-DF2E-4B98-8644-94EE9415E389}.Debug|Any CPU.Build.0 = Debug|Any CPU
		{0451BAEF-DF2E-4B98-8644-94EE9415E389}.Release|Any CPU.ActiveCfg = Release|Any CPU
		{0451BAEF-DF2E-4B98-8644-94EE9415E389}.Release|Any CPU.Build.0 = Release|Any CPU
	EndGlobalSection
	GlobalSection(SolutionProperties) = preSolution
		HideSolutionNode = FALSE
	EndGlobalSection
EndGlobal
